{
    "_readme": [
        "This file locks the dependencies of your project to a known state",
        "Read more about it at https://getcomposer.org/doc/01-basic-usage.md#installing-dependencies",
        "This file is @generated automatically"
    ],
    "content-hash": "b18be9be28e440132ad79dea8b18c59a",
    "packages": [
        {
            "name": "erroronline1/markdown",
            "version": "v2.1.0",
            "source": {
                "type": "git",
                "url": "https://github.com/erroronline1/markdown.git",
                "reference": "80f88e45f674420b40ebd671d48c001719237439"
            },
            "dist": {
                "type": "zip",
                "url": "https://api.github.com/repos/erroronline1/markdown/zipball/80f88e45f674420b40ebd671d48c001719237439",
                "reference": "80f88e45f674420b40ebd671d48c001719237439",
                "shasum": ""
            },
            "require": {
                "php": ">=8.0"
            },
            "type": "library",
            "autoload": {
                "psr-4": {
                    "erroronline1\\Markdown\\": "src"
                }
            },
            "notification-url": "https://packagist.org/downloads/",
            "license": [
                "AGPL-3.0-or-later"
            ],
            "authors": [
                {
                    "name": "erroronline1",
                    "email": "dev@erroronline.one"
                }
            ],
            "description": "Markdown compiler for PHP and ECMA-script.",
            "support": {
                "issues": "https://github.com/erroronline1/markdown/issues",
                "source": "https://github.com/erroronline1/markdown/tree/v2.1.0"
            },
            "time": "2026-04-25T16:47:12+00:00"
        },
        {
            "name": "openspout/openspout",
            "version": "v5.3.0",
            "source": {
                "type": "git",
                "url": "https://github.com/openspout/openspout.git",
                "reference": "bc0d2cdefa3fa90c7caceb778192654b20f414f7"
            },
            "dist": {
                "type": "zip",
                "url": "https://api.github.com/repos/openspout/openspout/zipball/bc0d2cdefa3fa90c7caceb778192654b20f414f7",
                "reference": "bc0d2cdefa3fa90c7caceb778192654b20f414f7",
                "shasum": ""
            },
            "require": {
                "ext-dom": "*",
                "ext-filter": "*",
                "ext-libxml": "*",
                "ext-xmlreader": "*",
                "ext-zip": "*",
                "php": "~8.3.0 || ~8.4.0 || ~8.5.0"
            },
            "require-dev": {
                "ext-zlib": "*",
                "friendsofphp/php-cs-fixer": "^3.93.1",
                "infection/infection": "^0.32.3",
                "phpbench/phpbench": "^1.4.3",
                "phpstan/phpstan": "^2.1.38",
                "phpstan/phpstan-phpunit": "^2.0.12",
                "phpstan/phpstan-strict-rules": "^2.0.8",
                "phpunit/phpunit": "^12.5.8"
            },
            "suggest": {
                "ext-iconv": "To handle non UTF-8 CSV files (if \"php-mbstring\" is not already installed or is too limited)",
                "ext-mbstring": "To handle non UTF-8 CSV files (if \"iconv\" is not already installed)"
            },
            "type": "library",
            "extra": {
                "branch-alias": {
                    "dev-master": "3.3.x-dev"
                }
            },
            "autoload": {
                "psr-4": {
                    "OpenSpout\\": "src/"
                }
            },
            "notification-url": "https://packagist.org/downloads/",
            "license": [
                "MIT"
            ],
            "authors": [
                {
                    "name": "Adrien Loison",
                    "email": "adrien@box.com"
                }
            ],
            "description": "PHP Library to read and write spreadsheet files (CSV, XLSX and ODS), in a fast and scalable way",
            "homepage": "https://github.com/openspout/openspout",
            "keywords": [
                "OOXML",
                "csv",
                "excel",
                "memory",
                "odf",
                "ods",
                "office",
                "open",
                "php",
                "read",
                "scale",
                "spreadsheet",
                "stream",
                "write",
                "xlsx"
            ],
            "support": {
                "issues": "https://github.com/openspout/openspout/issues",
                "source": "https://github.com/openspout/openspout/tree/v5.3.0"
            },
            "funding": [
                {
                    "url": "https://paypal.me/filippotessarotto",
                    "type": "custom"
                },
                {
                    "url": "https://github.com/Slamdunk",
                    "type": "github"
                }
            ],
            "time": "2026-02-02T13:08:39+00:00"
        },
        {
            "name": "tecnickcom/tc-lib-barcode",
            "version": "2.4.34",
            "source": {
                "type": "git",
                "url": "https://github.com/tecnickcom/tc-lib-barcode.git",
                "reference": "4057b35150e383f0425221efaea312e5cb968902"
            },
            "dist": {
                "type": "zip",
                "url": "https://api.github.com/repos/tecnickcom/tc-lib-barcode/zipball/4057b35150e383f0425221efaea312e5cb968902",
                "reference": "4057b35150e383f0425221efaea312e5cb968902",
                "shasum": ""
            },
            "require": {
                "ext-bcmath": "*",
                "ext-date": "*",
                "ext-gd": "*",
                "ext-pcre": "*",
                "php": ">=8.1",
                "tecnickcom/tc-lib-color": "^2.3"
            },
            "require-dev": {
                "pdepend/pdepend": "^2.16",
                "phpcompatibility/php-compatibility": "^10.0.0@dev",
                "phpmd/phpmd": "^2.15",
                "phpunit/phpunit": "^13.1 || ^12.5 || ^11.5 || ^10.5",
                "squizlabs/php_codesniffer": "^4.0"
            },
            "type": "library",
            "autoload": {
                "psr-4": {
                    "Com\\Tecnick\\Barcode\\": "src"
                }
            },
            "notification-url": "https://packagist.org/downloads/",
            "license": [
                "LGPL-3.0-or-later"
            ],
            "authors": [
                {
                    "name": "Nicola Asuni",
                    "email": "info@tecnick.com",
                    "role": "lead"
                }
            ],
            "description": "PHP library to generate linear and bidimensional barcodes",
            "homepage": "https://tcpdf.org",
            "keywords": [
                "3 of 9",
                "ANSI MH10.8M-1983",
                "CBC",
                "CODABAR",
                "CODE 11",
                "CODE 128 A B C",
                "CODE 39",
                "CODE 93",
                "EAN 13",
                "EAN 8",
                "ECC200",
                "ISO IEC 15438 2006",
                "ISO IEC 16022",
                "ISO IEC 24778 2008",
                "Intelligent Mail Barcode",
                "Interleaved 2 of 5",
                "KIX",
                "Klant",
                "MSI",
                "Onecode",
                "PHARMACODE",
                "PHARMACODE TWO-TRACKS",
                "POSTNET",
                "RMS4CC",
                "Standard 2 of 5",
                "UPC-A",
                "UPC-E",
                "USD-3",
                "USPS-B-3200",
                "USS-93",
                "aztec",
                "barcode",
                "datamatrix",
                "pdf417",
                "planet",
                "qr-code",
                "royal mail",
                "tc-lib-barcode",
                "upc"
            ],
            "support": {
                "issues": "https://github.com/tecnickcom/tc-lib-barcode/issues",
                "source": "https://github.com/tecnickcom/tc-lib-barcode"
            },
            "funding": [
                {
                    "url": "https://www.paypal.com/donate/?hosted_button_id=NZUEC5XS8MFBJ",
                    "type": "custom"
                }
            ],
            "time": "2026-04-20T07:15:41+00:00"
        },
        {
            "name": "tecnickcom/tc-lib-color",
            "version": "2.3.14",
            "source": {
                "type": "git",
                "url": "https://github.com/tecnickcom/tc-lib-color.git",
                "reference": "6fbb7daabf4f15b38d264ad9091f0745502459b9"
            },
            "dist": {
                "type": "zip",
                "url": "https://api.github.com/repos/tecnickcom/tc-lib-color/zipball/6fbb7daabf4f15b38d264ad9091f0745502459b9",
                "reference": "6fbb7daabf4f15b38d264ad9091f0745502459b9",
                "shasum": ""
            },
            "require": {
                "ext-pcre": "*",
                "php": ">=8.1"
            },
            "require-dev": {
                "pdepend/pdepend": "^2.16",
                "phpcompatibility/php-compatibility": "^10.0.0@dev",
                "phpmd/phpmd": "^2.15",
                "phpunit/phpunit": "^13.1 || ^12.5 || ^11.5 || ^10.5",
                "squizlabs/php_codesniffer": "^4.0"
            },
            "type": "library",
            "autoload": {
                "psr-4": {
                    "Com\\Tecnick\\Color\\": "src"
                }
            },
            "notification-url": "https://packagist.org/downloads/",
            "license": [
                "LGPL-3.0-or-later"
            ],
            "authors": [
                {
                    "name": "Nicola Asuni",
                    "email": "info@tecnick.com",
                    "role": "lead"
                }
            ],
            "description": "PHP library to manipulate various color representations",
            "homepage": "https://tcpdf.org",
            "keywords": [
                "cmyk",
                "color",
                "colors",
                "colour",
                "colours",
                "hsl",
                "hsla",
                "javascript",
                "rgb",
                "rgba",
                "tc-lib-color",
                "web"
            ],
            "support": {
                "issues": "https://github.com/tecnickcom/tc-lib-color/issues",
                "source": "https://github.com/tecnickcom/tc-lib-color"
            },
            "funding": [
                {
                    "url": "https://www.paypal.com/donate/?hosted_button_id=NZUEC5XS8MFBJ",
                    "type": "custom"
                }
            ],
            "time": "2026-04-20T07:09:08+00:00"
        },
        {
            "name": "tecnickcom/tc-lib-file",
            "version": "2.3.7",
            "source": {
                "type": "git",
                "url": "https://github.com/tecnickcom/tc-lib-file.git",
                "reference": "11e089c29a407577fdfc265528bf5582f168ebd6"
            },
            "dist": {
                "type": "zip",
                "url": "https://api.github.com/repos/tecnickcom/tc-lib-file/zipball/11e089c29a407577fdfc265528bf5582f168ebd6",
                "reference": "11e089c29a407577fdfc265528bf5582f168ebd6",
                "shasum": ""
            },
            "require": {
                "ext-curl": "*",
                "ext-pcre": "*",
                "php": ">=8.1"
            },
            "require-dev": {
                "pdepend/pdepend": "^2.16",
                "phpcompatibility/php-compatibility": "^10.0.0@dev",
                "phpmd/phpmd": "^2.15",
                "phpunit/phpunit": "^13.1 || ^12.5 || ^11.5 || ^10.5",
                "squizlabs/php_codesniffer": "^4.0"
            },
            "type": "library",
            "autoload": {
                "psr-4": {
                    "Com\\Tecnick\\File\\": "src"
                }
            },
            "notification-url": "https://packagist.org/downloads/",
            "license": [
                "LGPL-3.0-or-later"
            ],
            "authors": [
                {
                    "name": "Nicola Asuni",
                    "email": "info@tecnick.com",
                    "role": "lead"
                }
            ],
            "description": "PHP library to read byte-level data from files",
            "homepage": "https://tcpdf.org",
            "keywords": [
                "Double",
                "bit",
                "byte",
                "file",
                "long",
                "read",
                "short",
                "tc-lib-file"
            ],
            "support": {
                "issues": "https://github.com/tecnickcom/tc-lib-file/issues",
                "source": "https://github.com/tecnickcom/tc-lib-file"
            },
            "funding": [
                {
                    "url": "https://www.paypal.com/donate/?hosted_button_id=NZUEC5XS8MFBJ",
                    "type": "custom"
                }
            ],
            "time": "2026-04-20T07:13:10+00:00"
        },
        {
            "name": "tecnickcom/tc-lib-pdf",
            "version": "8.8.2",
            "source": {
                "type": "git",
                "url": "https://github.com/tecnickcom/tc-lib-pdf.git",
                "reference": "b19f9c97510c3535a16d639d24ceef7503930369"
            },
            "dist": {
                "type": "zip",
                "url": "https://api.github.com/repos/tecnickcom/tc-lib-pdf/zipball/b19f9c97510c3535a16d639d24ceef7503930369",
                "reference": "b19f9c97510c3535a16d639d24ceef7503930369",
                "shasum": ""
            },
            "require": {
                "ext-date": "*",
                "ext-pcre": "*",
                "php": ">=8.1",
                "tecnickcom/tc-lib-barcode": "^2.4",
                "tecnickcom/tc-lib-color": "^2.3",
                "tecnickcom/tc-lib-file": "^2.3",
                "tecnickcom/tc-lib-pdf-encrypt": "^2.1",
                "tecnickcom/tc-lib-pdf-font": "^2.6",
                "tecnickcom/tc-lib-pdf-graph": "^2.4",
                "tecnickcom/tc-lib-pdf-image": "^2.1",
                "tecnickcom/tc-lib-pdf-page": "^4.3",
                "tecnickcom/tc-lib-unicode": "^2.0",
                "tecnickcom/tc-lib-unicode-data": "^2.0"
            },
            "require-dev": {
                "pdepend/pdepend": "^2.16",
                "phpcompatibility/php-compatibility": "^10.0.0@dev",
                "phpmd/phpmd": "^2.15",
                "phpunit/phpunit": "^13.1 || ^12.5 || ^11.5 || ^10.5",
                "squizlabs/php_codesniffer": "^4.0"
            },
            "type": "library",
            "autoload": {
                "psr-4": {
                    "Com\\Tecnick\\Pdf\\": "src"
                }
            },
            "notification-url": "https://packagist.org/downloads/",
            "license": [
                "LGPL-3.0-or-later"
            ],
            "authors": [
                {
                    "name": "Nicola Asuni",
                    "email": "info@tecnick.com",
                    "role": "lead"
                }
            ],
            "description": "PHP PDF Library",
            "homepage": "https://tcpdf.org",
            "keywords": [
                "PDFD32000-2008",
                "TCPDF",
                "document",
                "pdf",
                "tc-lib-pdf"
            ],
            "support": {
                "issues": "https://github.com/tecnickcom/tc-lib-pdf/issues",
                "source": "https://github.com/tecnickcom/tc-lib-pdf"
            },
            "funding": [
                {
                    "url": "https://www.paypal.com/donate/?hosted_button_id=NZUEC5XS8MFBJ",
                    "type": "custom"
                }
            ],
            "time": "2026-04-26T09:59:33+00:00"
        },
        {
            "name": "tecnickcom/tc-lib-pdf-encrypt",
            "version": "2.1.41",
            "source": {
                "type": "git",
                "url": "https://github.com/tecnickcom/tc-lib-pdf-encrypt.git",
                "reference": "d538851472decc36ee5e634e85aae281a49f4885"
            },
            "dist": {
                "type": "zip",
                "url": "https://api.github.com/repos/tecnickcom/tc-lib-pdf-encrypt/zipball/d538851472decc36ee5e634e85aae281a49f4885",
                "reference": "d538851472decc36ee5e634e85aae281a49f4885",
                "shasum": ""
            },
            "require": {
                "ext-date": "*",
                "ext-hash": "*",
                "ext-openssl": "*",
                "ext-pcre": "*",
                "php": ">=8.1"
            },
            "require-dev": {
                "pdepend/pdepend": "^2.16",
                "phpcompatibility/php-compatibility": "^10.0.0@dev",
                "phpmd/phpmd": "^2.15",
                "phpunit/phpunit": "^13.1 || ^12.5 || ^11.5 || ^10.5",
                "squizlabs/php_codesniffer": "^4.0"
            },
            "suggest": {
                "ext-posix": "*"
            },
            "type": "library",
            "autoload": {
                "psr-4": {
                    "Com\\Tecnick\\Pdf\\Encrypt\\": "src"
                }
            },
            "notification-url": "https://packagist.org/downloads/",
            "license": [
                "LGPL-3.0-or-later"
            ],
            "authors": [
                {
                    "name": "Nicola Asuni",
                    "email": "info@tecnick.com",
                    "role": "lead"
                }
            ],
            "description": "PHP library to encrypt data for PDF",
            "homepage": "https://tcpdf.org",
            "keywords": [
                "aes",
                "encrypt",
                "encryption",
                "pdf",
                "rc4",
                "tc-lib-pdf-encrypt"
            ],
            "support": {
                "issues": "https://github.com/tecnickcom/tc-lib-pdf-encrypt/issues",
                "source": "https://github.com/tecnickcom/tc-lib-pdf-encrypt"
            },
            "funding": [
                {
                    "url": "https://www.paypal.com/donate/?hosted_button_id=NZUEC5XS8MFBJ",
                    "type": "custom"
                }
            ],
            "time": "2026-04-20T07:13:26+00:00"
        },
        {
            "name": "tecnickcom/tc-lib-pdf-font",
            "version": "2.6.39",
            "source": {
                "type": "git",
                "url": "https://github.com/tecnickcom/tc-lib-pdf-font.git",
                "reference": "a57b4b550f85d41a5f4cbc2869c1ec5fe40658aa"
            },
            "dist": {
                "type": "zip",
                "url": "https://api.github.com/repos/tecnickcom/tc-lib-pdf-font/zipball/a57b4b550f85d41a5f4cbc2869c1ec5fe40658aa",
                "reference": "a57b4b550f85d41a5f4cbc2869c1ec5fe40658aa",
                "shasum": ""
            },
            "require": {
                "ext-json": "*",
                "ext-pcre": "*",
                "ext-zlib": "*",
                "php": ">=8.1",
                "tecnickcom/tc-lib-file": "^2.3",
                "tecnickcom/tc-lib-pdf-encrypt": "^2.1",
                "tecnickcom/tc-lib-unicode-data": "^2.0"
            },
            "require-dev": {
                "pdepend/pdepend": "^2.16",
                "phpcompatibility/php-compatibility": "^10.0.0@dev",
                "phpmd/phpmd": "^2.15",
                "phpunit/phpunit": "^13.1 || ^12.5 || ^11.5 || ^10.5",
                "squizlabs/php_codesniffer": "^4.0"
            },
            "type": "library",
            "autoload": {
                "psr-4": {
                    "Com\\Tecnick\\Pdf\\Font\\": "src"
                }
            },
            "notification-url": "https://packagist.org/downloads/",
            "license": [
                "LGPL-3.0-or-later"
            ],
            "authors": [
                {
                    "name": "Nicola Asuni",
                    "email": "info@tecnick.com",
                    "role": "lead"
                }
            ],
            "description": "PHP library containing PDF page formats and definitions",
            "homepage": "https://tcpdf.org",
            "keywords": [
                "PFB",
                "afm",
                "font",
                "import",
                "pdf",
                "tc-lib-pdf-font",
                "ttf"
            ],
            "support": {
                "issues": "https://github.com/tecnickcom/tc-lib-pdf-font/issues",
                "source": "https://github.com/tecnickcom/tc-lib-pdf-font"
            },
            "funding": [
                {
                    "url": "https://www.paypal.com/donate/?hosted_button_id=NZUEC5XS8MFBJ",
                    "type": "custom"
                }
            ],
            "time": "2026-04-20T07:18:14+00:00"
        },
        {
            "name": "tecnickcom/tc-lib-pdf-graph",
            "version": "2.4.18",
            "source": {
                "type": "git",
                "url": "https://github.com/tecnickcom/tc-lib-pdf-graph.git",
                "reference": "3646f1a9f271da6053db3b1d01f311c8fbb15e2d"
            },
            "dist": {
                "type": "zip",
                "url": "https://api.github.com/repos/tecnickcom/tc-lib-pdf-graph/zipball/3646f1a9f271da6053db3b1d01f311c8fbb15e2d",
                "reference": "3646f1a9f271da6053db3b1d01f311c8fbb15e2d",
                "shasum": ""
            },
            "require": {
                "ext-zlib": "*",
                "php": ">=8.1",
                "tecnickcom/tc-lib-color": "^2.3",
                "tecnickcom/tc-lib-pdf-encrypt": "^2.1"
            },
            "require-dev": {
                "pdepend/pdepend": "^2.16",
                "phpcompatibility/php-compatibility": "^10.0.0@dev",
                "phpmd/phpmd": "^2.15",
                "phpunit/phpunit": "^13.1 || ^12.5 || ^11.5 || ^10.5",
                "squizlabs/php_codesniffer": "^4.0"
            },
            "type": "library",
            "autoload": {
                "psr-4": {
                    "Com\\Tecnick\\Pdf\\Graph\\": "src"
                }
            },
            "notification-url": "https://packagist.org/downloads/",
            "license": [
                "LGPL-3.0-or-later"
            ],
            "authors": [
                {
                    "name": "Nicola Asuni",
                    "email": "info@tecnick.com",
                    "role": "lead"
                }
            ],
            "description": "PHP library containing PDF graphic and geometric methods",
            "homepage": "https://tcpdf.org",
            "keywords": [
                "geometry",
                "graphic",
                "pdf",
                "tc-lib-pdf-graph",
                "transformation"
            ],
            "support": {
                "issues": "https://github.com/tecnickcom/tc-lib-pdf-graph/issues",
                "source": "https://github.com/tecnickcom/tc-lib-pdf-graph"
            },
            "funding": [
                {
                    "url": "https://www.paypal.com/donate/?hosted_button_id=NZUEC5XS8MFBJ",
                    "type": "custom"
                }
            ],
            "time": "2026-04-20T07:17:11+00:00"
        },
        {
            "name": "tecnickcom/tc-lib-pdf-image",
            "version": "2.1.39",
            "source": {
                "type": "git",
                "url": "https://github.com/tecnickcom/tc-lib-pdf-image.git",
                "reference": "5062881d051eb8e708c931b2b6f9b05903281b0d"
            },
            "dist": {
                "type": "zip",
                "url": "https://api.github.com/repos/tecnickcom/tc-lib-pdf-image/zipball/5062881d051eb8e708c931b2b6f9b05903281b0d",
                "reference": "5062881d051eb8e708c931b2b6f9b05903281b0d",
                "shasum": ""
            },
            "require": {
                "ext-gd": "*",
                "ext-zlib": "*",
                "php": ">=8.1",
                "tecnickcom/tc-lib-color": "^2.3",
                "tecnickcom/tc-lib-file": "^2.3",
                "tecnickcom/tc-lib-pdf-encrypt": "^2.1"
            },
            "require-dev": {
                "pdepend/pdepend": "^2.16",
                "phpcompatibility/php-compatibility": "^10.0.0@dev",
                "phpmd/phpmd": "^2.15",
                "phpunit/phpunit": "^13.1 || ^12.5 || ^11.5 || ^10.5",
                "squizlabs/php_codesniffer": "^4.0"
            },
            "type": "library",
            "autoload": {
                "psr-4": {
                    "Com\\Tecnick\\Pdf\\Image\\": "src"
                }
            },
            "notification-url": "https://packagist.org/downloads/",
            "license": [
                "LGPL-3.0-or-later"
            ],
            "authors": [
                {
                    "name": "Nicola Asuni",
                    "email": "info@tecnick.com",
                    "role": "lead"
                }
            ],
            "description": "PHP library containing PDF Image methods",
            "homepage": "https://tcpdf.org",
            "keywords": [
                "image",
                "jpeg",
                "jpg",
                "pdf",
                "png",
                "tc-lib-pdf-image"
            ],
            "support": {
                "issues": "https://github.com/tecnickcom/tc-lib-pdf-image/issues",
                "source": "https://github.com/tecnickcom/tc-lib-pdf-image"
            },
            "funding": [
                {
                    "url": "https://www.paypal.com/donate/?hosted_button_id=NZUEC5XS8MFBJ",
                    "type": "custom"
                }
            ],
            "time": "2026-04-20T07:17:27+00:00"
        },
        {
            "name": "tecnickcom/tc-lib-pdf-page",
            "version": "4.3.18",
            "source": {
                "type": "git",
                "url": "https://github.com/tecnickcom/tc-lib-pdf-page.git",
                "reference": "5ee92d4c57f5fe118b0911fd38c89e87837f053f"
            },
            "dist": {
                "type": "zip",
                "url": "https://api.github.com/repos/tecnickcom/tc-lib-pdf-page/zipball/5ee92d4c57f5fe118b0911fd38c89e87837f053f",
                "reference": "5ee92d4c57f5fe118b0911fd38c89e87837f053f",
                "shasum": ""
            },
            "require": {
                "ext-date": "*",
                "ext-zlib": "*",
                "php": ">=8.1",
                "tecnickcom/tc-lib-color": "^2.3",
                "tecnickcom/tc-lib-pdf-encrypt": "^2.1"
            },
            "require-dev": {
                "pdepend/pdepend": "^2.16",
                "phpcompatibility/php-compatibility": "^10.0.0@dev",
                "phpmd/phpmd": "^2.15",
                "phpunit/phpunit": "^13.1 || ^12.5 || ^11.5 || ^10.5",
                "squizlabs/php_codesniffer": "^4.0"
            },
            "type": "library",
            "autoload": {
                "psr-4": {
                    "Com\\Tecnick\\Pdf\\Page\\": "src"
                }
            },
            "notification-url": "https://packagist.org/downloads/",
            "license": [
                "LGPL-3.0-or-later"
            ],
            "authors": [
                {
                    "name": "Nicola Asuni",
                    "email": "info@tecnick.com",
                    "role": "lead"
                }
            ],
            "description": "PHP library containing PDF page formats and definitions",
            "homepage": "https://tcpdf.org",
            "keywords": [
                "format",
                "page",
                "pdf",
                "tc-lib-pdf-page"
            ],
            "support": {
                "issues": "https://github.com/tecnickcom/tc-lib-pdf-page/issues",
                "source": "https://github.com/tecnickcom/tc-lib-pdf-page"
            },
            "funding": [
                {
                    "url": "https://www.paypal.com/donate/?hosted_button_id=NZUEC5XS8MFBJ",
                    "type": "custom"
                }
            ],
            "time": "2026-04-20T07:16:53+00:00"
        },
        {
            "name": "tecnickcom/tc-lib-unicode",
            "version": "2.0.50",
            "source": {
                "type": "git",
                "url": "https://github.com/tecnickcom/tc-lib-unicode.git",
                "reference": "c420ca207a78cfeb9b1b87a68f9cbb1b3cc767ec"
            },
            "dist": {
                "type": "zip",
                "url": "https://api.github.com/repos/tecnickcom/tc-lib-unicode/zipball/c420ca207a78cfeb9b1b87a68f9cbb1b3cc767ec",
                "reference": "c420ca207a78cfeb9b1b87a68f9cbb1b3cc767ec",
                "shasum": ""
            },
            "require": {
                "ext-mbstring": "*",
                "ext-pcre": "*",
                "php": ">=8.1",
                "tecnickcom/tc-lib-unicode-data": "^2.0"
            },
            "require-dev": {
                "pdepend/pdepend": "^2.16",
                "phpcompatibility/php-compatibility": "^10.0.0@dev",
                "phpmd/phpmd": "^2.15",
                "phpunit/phpunit": "^13.1 || ^12.5 || ^11.5 || ^10.5",
                "squizlabs/php_codesniffer": "^4.0"
            },
            "type": "library",
            "autoload": {
                "psr-4": {
                    "Com\\Tecnick\\Unicode\\": "src"
                }
            },
            "notification-url": "https://packagist.org/downloads/",
            "license": [
                "LGPL-3.0-or-later"
            ],
            "authors": [
                {
                    "name": "Nicola Asuni",
                    "email": "info@tecnick.com",
                    "role": "lead"
                }
            ],
            "description": "PHP library containing Unicode methods",
            "homepage": "https://tcpdf.org",
            "keywords": [
                "font",
                "pdf",
                "tc-lib-unicode",
                "unicode",
                "utf-8"
            ],
            "support": {
                "issues": "https://github.com/tecnickcom/tc-lib-unicode/issues",
                "source": "https://github.com/tecnickcom/tc-lib-unicode"
            },
            "funding": [
                {
                    "url": "https://www.paypal.com/donate/?hosted_button_id=NZUEC5XS8MFBJ",
                    "type": "custom"
                }
            ],
            "time": "2026-04-20T07:16:29+00:00"
        },
        {
            "name": "tecnickcom/tc-lib-unicode-data",
            "version": "2.0.49",
            "source": {
                "type": "git",
                "url": "https://github.com/tecnickcom/tc-lib-unicode-data.git",
                "reference": "77dc342155e78837e140baa7f55aa8e9f9778a31"
            },
            "dist": {
                "type": "zip",
                "url": "https://api.github.com/repos/tecnickcom/tc-lib-unicode-data/zipball/77dc342155e78837e140baa7f55aa8e9f9778a31",
                "reference": "77dc342155e78837e140baa7f55aa8e9f9778a31",
                "shasum": ""
            },
            "require": {
                "php": ">=8.1"
            },
            "require-dev": {
                "pdepend/pdepend": "^2.16",
                "phpcompatibility/php-compatibility": "^10.0.0@dev",
                "phpmd/phpmd": "^2.15",
                "phpunit/phpunit": "^13.1 || ^12.5 || ^11.5 || ^10.5",
                "squizlabs/php_codesniffer": "^4.0"
            },
            "type": "library",
            "autoload": {
                "psr-4": {
                    "Com\\Tecnick\\Unicode\\Data\\": "src"
                }
            },
            "notification-url": "https://packagist.org/downloads/",
            "license": [
                "LGPL-3.0-or-later"
            ],
            "authors": [
                {
                    "name": "Nicola Asuni",
                    "email": "info@tecnick.com",
                    "role": "lead"
                }
            ],
            "description": "PHP library containing Unicode definitions",
            "homepage": "https://tcpdf.org",
            "keywords": [
                "font",
                "pdf",
                "tc-lib-unicode-data",
                "unicode",
                "utf-8"
            ],
            "support": {
                "issues": "https://github.com/tecnickcom/tc-lib-unicode-data/issues",
                "source": "https://github.com/tecnickcom/tc-lib-unicode-data"
            },
            "funding": [
                {
                    "url": "https://www.paypal.com/donate/?hosted_button_id=NZUEC5XS8MFBJ",
                    "type": "custom"
                }
            ],
            "time": "2026-04-20T07:14:02+00:00"
        }
    ],
    "packages-dev": [],
    "aliases": [],
    "minimum-stability": "stable",
    "stability-flags": {},
    "prefer-stable": false,
    "prefer-lowest": false,
    "platform": {},
    "platform-dev": {},
    "plugin-api-version": "2.9.0"
}
