{
    "_readme": [
        "This file locks the dependencies of your project to a known state",
        "Read more about it at https://getcomposer.org/doc/01-basic-usage.md#installing-dependencies",
        "This file is @generated automatically"
    ],
    "content-hash": "070bd7b42b9d66dc59c0cc0f92b2497f",
    "packages": [
        {
            "name": "openspout/openspout",
            "version": "v5.2.2",
            "source": {
                "type": "git",
                "url": "https://github.com/openspout/openspout.git",
                "reference": "95403917927ef252f7ae82d919c55286a642962a"
            },
            "dist": {
                "type": "zip",
                "url": "https://api.github.com/repos/openspout/openspout/zipball/95403917927ef252f7ae82d919c55286a642962a",
                "reference": "95403917927ef252f7ae82d919c55286a642962a",
                "shasum": ""
            },
            "require": {
                "ext-dom": "*",
                "ext-filter": "*",
                "ext-libxml": "*",
                "ext-xmlreader": "*",
                "ext-zip": "*",
                "php": "~8.3.0 || ~8.4.0 || ~8.5.0"
            },
            "require-dev": {
                "ext-zlib": "*",
                "friendsofphp/php-cs-fixer": "^3.93.0",
                "infection/infection": "^0.32.3",
                "phpbench/phpbench": "^1.4.3",
                "phpstan/phpstan": "^2.1.37",
                "phpstan/phpstan-phpunit": "^2.0.12",
                "phpstan/phpstan-strict-rules": "^2.0.7",
                "phpunit/phpunit": "^12.5.7"
            },
            "suggest": {
                "ext-iconv": "To handle non UTF-8 CSV files (if \"php-mbstring\" is not already installed or is too limited)",
                "ext-mbstring": "To handle non UTF-8 CSV files (if \"iconv\" is not already installed)"
            },
            "type": "library",
            "extra": {
                "branch-alias": {
                    "dev-master": "3.3.x-dev"
                }
            },
            "autoload": {
                "psr-4": {
                    "OpenSpout\\": "src/"
                }
            },
            "notification-url": "https://packagist.org/downloads/",
            "license": [
                "MIT"
            ],
            "authors": [
                {
                    "name": "Adrien Loison",
                    "email": "adrien@box.com"
                }
            ],
            "description": "PHP Library to read and write spreadsheet files (CSV, XLSX and ODS), in a fast and scalable way",
            "homepage": "https://github.com/openspout/openspout",
            "keywords": [
                "OOXML",
                "csv",
                "excel",
                "memory",
                "odf",
                "ods",
                "office",
                "open",
                "php",
                "read",
                "scale",
                "spreadsheet",
                "stream",
                "write",
                "xlsx"
            ],
            "support": {
                "issues": "https://github.com/openspout/openspout/issues",
                "source": "https://github.com/openspout/openspout/tree/v5.2.2"
            },
            "funding": [
                {
                    "url": "https://paypal.me/filippotessarotto",
                    "type": "custom"
                },
                {
                    "url": "https://github.com/Slamdunk",
                    "type": "github"
                }
            ],
            "time": "2026-01-26T07:19:07+00:00"
        },
        {
            "name": "tecnickcom/tc-lib-barcode",
            "version": "2.4.22",
            "source": {
                "type": "git",
                "url": "https://github.com/tecnickcom/tc-lib-barcode.git",
                "reference": "ee997f9240f826a6a9274f55e2edb8f185871e30"
            },
            "dist": {
                "type": "zip",
                "url": "https://api.github.com/repos/tecnickcom/tc-lib-barcode/zipball/ee997f9240f826a6a9274f55e2edb8f185871e30",
                "reference": "ee997f9240f826a6a9274f55e2edb8f185871e30",
                "shasum": ""
            },
            "require": {
                "ext-bcmath": "*",
                "ext-date": "*",
                "ext-gd": "*",
                "ext-pcre": "*",
                "php": ">=8.1",
                "tecnickcom/tc-lib-color": "^2.3"
            },
            "require-dev": {
                "pdepend/pdepend": "2.16.2",
                "phpcompatibility/php-compatibility": "^10.0.0@dev",
                "phpmd/phpmd": "2.15.0",
                "phpunit/phpunit": "12.5.6 || 11.5.44 || 10.5.58",
                "squizlabs/php_codesniffer": "4.0.1"
            },
            "type": "library",
            "autoload": {
                "psr-4": {
                    "Com\\Tecnick\\Barcode\\": "src"
                }
            },
            "notification-url": "https://packagist.org/downloads/",
            "license": [
                "LGPL-3.0-or-later"
            ],
            "authors": [
                {
                    "name": "Nicola Asuni",
                    "email": "info@tecnick.com",
                    "role": "lead"
                }
            ],
            "description": "PHP library to generate linear and bidimensional barcodes",
            "homepage": "http://www.tecnick.com",
            "keywords": [
                "3 of 9",
                "ANSI MH10.8M-1983",
                "CBC",
                "CODABAR",
                "CODE 11",
                "CODE 128 A B C",
                "CODE 39",
                "CODE 93",
                "EAN 13",
                "EAN 8",
                "ECC200",
                "ISO IEC 15438 2006",
                "ISO IEC 16022",
                "ISO IEC 24778 2008",
                "Intelligent Mail Barcode",
                "Interleaved 2 of 5",
                "KIX",
                "Klant",
                "MSI",
                "Onecode",
                "PHARMACODE",
                "PHARMACODE TWO-TRACKS",
                "POSTNET",
                "RMS4CC",
                "Standard 2 of 5",
                "UPC-A",
                "UPC-E",
                "USD-3",
                "USPS-B-3200",
                "USS-93",
                "aztec",
                "barcode",
                "datamatrix",
                "pdf417",
                "planet",
                "qr-code",
                "royal mail",
                "tc-lib-barcode",
                "upc"
            ],
            "support": {
                "issues": "https://github.com/tecnickcom/tc-lib-barcode/issues",
                "source": "https://github.com/tecnickcom/tc-lib-barcode/tree/2.4.22"
            },
            "funding": [
                {
                    "url": "https://www.paypal.com/donate/?hosted_button_id=NZUEC5XS8MFBJ",
                    "type": "custom"
                }
            ],
            "time": "2026-01-24T12:40:59+00:00"
        },
        {
            "name": "tecnickcom/tc-lib-color",
            "version": "2.3.6",
            "source": {
                "type": "git",
                "url": "https://github.com/tecnickcom/tc-lib-color.git",
                "reference": "3d8ee89d83c1c60a275a0c1885f11370a4d86461"
            },
            "dist": {
                "type": "zip",
                "url": "https://api.github.com/repos/tecnickcom/tc-lib-color/zipball/3d8ee89d83c1c60a275a0c1885f11370a4d86461",
                "reference": "3d8ee89d83c1c60a275a0c1885f11370a4d86461",
                "shasum": ""
            },
            "require": {
                "ext-pcre": "*",
                "php": ">=8.1"
            },
            "require-dev": {
                "pdepend/pdepend": "2.16.2",
                "phpcompatibility/php-compatibility": "^10.0.0@dev",
                "phpmd/phpmd": "2.15.0",
                "phpunit/phpunit": "12.5.6 || 11.5.44 || 10.5.58",
                "squizlabs/php_codesniffer": "4.0.1"
            },
            "type": "library",
            "autoload": {
                "psr-4": {
                    "Com\\Tecnick\\Color\\": "src"
                }
            },
            "notification-url": "https://packagist.org/downloads/",
            "license": [
                "LGPL-3.0-or-later"
            ],
            "authors": [
                {
                    "name": "Nicola Asuni",
                    "email": "info@tecnick.com",
                    "role": "lead"
                }
            ],
            "description": "PHP library to manipulate various color representations",
            "homepage": "http://www.tecnick.com",
            "keywords": [
                "cmyk",
                "color",
                "colors",
                "colour",
                "colours",
                "hsl",
                "hsla",
                "javascript",
                "rgb",
                "rgba",
                "tc-lib-color",
                "web"
            ],
            "support": {
                "issues": "https://github.com/tecnickcom/tc-lib-color/issues",
                "source": "https://github.com/tecnickcom/tc-lib-color/tree/2.3.6"
            },
            "funding": [
                {
                    "url": "https://www.paypal.com/donate/?hosted_button_id=NZUEC5XS8MFBJ",
                    "type": "custom"
                }
            ],
            "time": "2026-01-24T12:39:16+00:00"
        },
        {
            "name": "tecnickcom/tc-lib-file",
            "version": "2.2.16",
            "source": {
                "type": "git",
                "url": "https://github.com/tecnickcom/tc-lib-file.git",
                "reference": "836fcc59bf3594aff70a24f6001bcd9cf7530387"
            },
            "dist": {
                "type": "zip",
                "url": "https://api.github.com/repos/tecnickcom/tc-lib-file/zipball/836fcc59bf3594aff70a24f6001bcd9cf7530387",
                "reference": "836fcc59bf3594aff70a24f6001bcd9cf7530387",
                "shasum": ""
            },
            "require": {
                "ext-curl": "*",
                "ext-pcre": "*",
                "php": ">=8.1"
            },
            "require-dev": {
                "pdepend/pdepend": "2.16.2",
                "phpcompatibility/php-compatibility": "^10.0.0@dev",
                "phpmd/phpmd": "2.15.0",
                "phpunit/phpunit": "12.5.6 || 11.5.44 || 10.5.58",
                "squizlabs/php_codesniffer": "4.0.1"
            },
            "type": "library",
            "autoload": {
                "psr-4": {
                    "Com\\Tecnick\\File\\": "src"
                }
            },
            "notification-url": "https://packagist.org/downloads/",
            "license": [
                "LGPL-3.0-or-later"
            ],
            "authors": [
                {
                    "name": "Nicola Asuni",
                    "email": "info@tecnick.com",
                    "role": "lead"
                }
            ],
            "description": "PHP library to read byte-level data from files",
            "homepage": "http://www.tecnick.com",
            "keywords": [
                "Double",
                "bit",
                "byte",
                "file",
                "long",
                "read",
                "short",
                "tc-lib-file"
            ],
            "support": {
                "issues": "https://github.com/tecnickcom/tc-lib-file/issues",
                "source": "https://github.com/tecnickcom/tc-lib-file/tree/2.2.16"
            },
            "funding": [
                {
                    "url": "https://www.paypal.com/donate/?hosted_button_id=NZUEC5XS8MFBJ",
                    "type": "custom"
                }
            ],
            "time": "2026-01-24T12:39:29+00:00"
        },
        {
            "name": "tecnickcom/tc-lib-pdf",
            "version": "8.4.7",
            "source": {
                "type": "git",
                "url": "https://github.com/tecnickcom/tc-lib-pdf.git",
                "reference": "a8fbe52e968f1d8903d6cac17d741491cdb4ec4e"
            },
            "dist": {
                "type": "zip",
                "url": "https://api.github.com/repos/tecnickcom/tc-lib-pdf/zipball/a8fbe52e968f1d8903d6cac17d741491cdb4ec4e",
                "reference": "a8fbe52e968f1d8903d6cac17d741491cdb4ec4e",
                "shasum": ""
            },
            "require": {
                "ext-date": "*",
                "ext-pcre": "*",
                "php": ">=8.1",
                "tecnickcom/tc-lib-barcode": "^2.4",
                "tecnickcom/tc-lib-color": "^2.3",
                "tecnickcom/tc-lib-file": "^2.2",
                "tecnickcom/tc-lib-pdf-encrypt": "^2.1",
                "tecnickcom/tc-lib-pdf-font": "^2.6",
                "tecnickcom/tc-lib-pdf-graph": "^2.4",
                "tecnickcom/tc-lib-pdf-image": "^2.1",
                "tecnickcom/tc-lib-pdf-page": "^4.3",
                "tecnickcom/tc-lib-unicode": "^2.0",
                "tecnickcom/tc-lib-unicode-data": "^2.0"
            },
            "require-dev": {
                "pdepend/pdepend": "2.16.2",
                "phpcompatibility/php-compatibility": "^10.0.0@dev",
                "phpmd/phpmd": "2.15.0",
                "phpunit/phpunit": "12.5.6 || 11.5.44 || 10.5.58",
                "squizlabs/php_codesniffer": "4.0.1"
            },
            "type": "library",
            "autoload": {
                "psr-4": {
                    "Com\\Tecnick\\Pdf\\": "src"
                }
            },
            "notification-url": "https://packagist.org/downloads/",
            "license": [
                "LGPL-3.0-or-later"
            ],
            "authors": [
                {
                    "name": "Nicola Asuni",
                    "email": "info@tecnick.com",
                    "role": "lead"
                }
            ],
            "description": "PHP PDF Library",
            "homepage": "http://www.tecnick.com",
            "keywords": [
                "PDFD32000-2008",
                "TCPDF",
                "document",
                "pdf",
                "tc-lib-pdf"
            ],
            "support": {
                "issues": "https://github.com/tecnickcom/tc-lib-pdf/issues",
                "source": "https://github.com/tecnickcom/tc-lib-pdf/tree/8.4.7"
            },
            "funding": [
                {
                    "url": "https://www.paypal.com/donate/?hosted_button_id=NZUEC5XS8MFBJ",
                    "type": "custom"
                }
            ],
            "time": "2026-01-24T13:48:41+00:00"
        },
        {
            "name": "tecnickcom/tc-lib-pdf-encrypt",
            "version": "2.1.30",
            "source": {
                "type": "git",
                "url": "https://github.com/tecnickcom/tc-lib-pdf-encrypt.git",
                "reference": "fa0ca0fdad2c9d5c5adf4dca419e6f3663168299"
            },
            "dist": {
                "type": "zip",
                "url": "https://api.github.com/repos/tecnickcom/tc-lib-pdf-encrypt/zipball/fa0ca0fdad2c9d5c5adf4dca419e6f3663168299",
                "reference": "fa0ca0fdad2c9d5c5adf4dca419e6f3663168299",
                "shasum": ""
            },
            "require": {
                "ext-date": "*",
                "ext-hash": "*",
                "ext-openssl": "*",
                "ext-pcre": "*",
                "php": ">=8.1"
            },
            "require-dev": {
                "pdepend/pdepend": "2.16.2",
                "phpcompatibility/php-compatibility": "^10.0.0@dev",
                "phpmd/phpmd": "2.15.0",
                "phpunit/phpunit": "12.5.6 || 11.5.44 || 10.5.58",
                "squizlabs/php_codesniffer": "4.0.1"
            },
            "suggest": {
                "ext-posix": "*"
            },
            "type": "library",
            "autoload": {
                "psr-4": {
                    "Com\\Tecnick\\Pdf\\Encrypt\\": "src"
                }
            },
            "notification-url": "https://packagist.org/downloads/",
            "license": [
                "LGPL-3.0-or-later"
            ],
            "authors": [
                {
                    "name": "Nicola Asuni",
                    "email": "info@tecnick.com",
                    "role": "lead"
                }
            ],
            "description": "PHP library to encrypt data for PDF",
            "homepage": "http://www.tecnick.com",
            "keywords": [
                "aes",
                "encrypt",
                "encryption",
                "pdf",
                "rc4",
                "tc-lib-pdf-encrypt"
            ],
            "support": {
                "issues": "https://github.com/tecnickcom/tc-lib-pdf-encrypt/issues",
                "source": "https://github.com/tecnickcom/tc-lib-pdf-encrypt/tree/2.1.30"
            },
            "funding": [
                {
                    "url": "https://www.paypal.com/donate/?hosted_button_id=NZUEC5XS8MFBJ",
                    "type": "custom"
                }
            ],
            "time": "2026-01-24T12:39:43+00:00"
        },
        {
            "name": "tecnickcom/tc-lib-pdf-font",
            "version": "2.6.27",
            "source": {
                "type": "git",
                "url": "https://github.com/tecnickcom/tc-lib-pdf-font.git",
                "reference": "503699661150346a58e6d31e8047932d36c49221"
            },
            "dist": {
                "type": "zip",
                "url": "https://api.github.com/repos/tecnickcom/tc-lib-pdf-font/zipball/503699661150346a58e6d31e8047932d36c49221",
                "reference": "503699661150346a58e6d31e8047932d36c49221",
                "shasum": ""
            },
            "require": {
                "ext-json": "*",
                "ext-pcre": "*",
                "ext-zlib": "*",
                "php": ">=8.1",
                "tecnickcom/tc-lib-file": "^2.2",
                "tecnickcom/tc-lib-pdf-encrypt": "^2.1",
                "tecnickcom/tc-lib-unicode-data": "^2.0"
            },
            "require-dev": {
                "pdepend/pdepend": "2.16.2",
                "phpcompatibility/php-compatibility": "^10.0.0@dev",
                "phpmd/phpmd": "2.15.0",
                "phpunit/phpunit": "12.5.6 || 11.5.44 || 10.5.58",
                "squizlabs/php_codesniffer": "4.0.1"
            },
            "type": "library",
            "autoload": {
                "psr-4": {
                    "Com\\Tecnick\\Pdf\\Font\\": "src"
                }
            },
            "notification-url": "https://packagist.org/downloads/",
            "license": [
                "LGPL-3.0-or-later"
            ],
            "authors": [
                {
                    "name": "Nicola Asuni",
                    "email": "info@tecnick.com",
                    "role": "lead"
                }
            ],
            "description": "PHP library containing PDF page formats and definitions",
            "homepage": "http://www.tecnick.com",
            "keywords": [
                "PFB",
                "afm",
                "font",
                "import",
                "pdf",
                "tc-lib-pdf-font",
                "ttf"
            ],
            "support": {
                "issues": "https://github.com/tecnickcom/tc-lib-pdf-font/issues",
                "source": "https://github.com/tecnickcom/tc-lib-pdf-font/tree/2.6.27"
            },
            "funding": [
                {
                    "url": "https://www.paypal.com/donate/?hosted_button_id=NZUEC5XS8MFBJ",
                    "type": "custom"
                }
            ],
            "time": "2026-01-24T12:43:31+00:00"
        },
        {
            "name": "tecnickcom/tc-lib-pdf-graph",
            "version": "2.4.6",
            "source": {
                "type": "git",
                "url": "https://github.com/tecnickcom/tc-lib-pdf-graph.git",
                "reference": "1fb10ca773319e6f6412215a272b02f3aab126de"
            },
            "dist": {
                "type": "zip",
                "url": "https://api.github.com/repos/tecnickcom/tc-lib-pdf-graph/zipball/1fb10ca773319e6f6412215a272b02f3aab126de",
                "reference": "1fb10ca773319e6f6412215a272b02f3aab126de",
                "shasum": ""
            },
            "require": {
                "ext-zlib": "*",
                "php": ">=8.1",
                "tecnickcom/tc-lib-color": "^2.3",
                "tecnickcom/tc-lib-pdf-encrypt": "^2.1"
            },
            "require-dev": {
                "pdepend/pdepend": "2.16.2",
                "phpcompatibility/php-compatibility": "^10.0.0@dev",
                "phpmd/phpmd": "2.15.0",
                "phpunit/phpunit": "12.5.6 || 11.5.44 || 10.5.58",
                "squizlabs/php_codesniffer": "4.0.1"
            },
            "type": "library",
            "autoload": {
                "psr-4": {
                    "Com\\Tecnick\\Pdf\\Graph\\": "src"
                }
            },
            "notification-url": "https://packagist.org/downloads/",
            "license": [
                "LGPL-3.0-or-later"
            ],
            "authors": [
                {
                    "name": "Nicola Asuni",
                    "email": "info@tecnick.com",
                    "role": "lead"
                }
            ],
            "description": "PHP library containing PDF graphic and geometric methods",
            "homepage": "http://www.tecnick.com",
            "keywords": [
                "geometry",
                "graphic",
                "pdf",
                "tc-lib-pdf-graph",
                "transformation"
            ],
            "support": {
                "issues": "https://github.com/tecnickcom/tc-lib-pdf-graph/issues",
                "source": "https://github.com/tecnickcom/tc-lib-pdf-graph/tree/2.4.6"
            },
            "funding": [
                {
                    "url": "https://www.paypal.com/donate/?hosted_button_id=NZUEC5XS8MFBJ",
                    "type": "custom"
                }
            ],
            "time": "2026-01-24T12:42:28+00:00"
        },
        {
            "name": "tecnickcom/tc-lib-pdf-image",
            "version": "2.1.28",
            "source": {
                "type": "git",
                "url": "https://github.com/tecnickcom/tc-lib-pdf-image.git",
                "reference": "5e5265b7867e2d9aaf2d2fad2ee414bf72801371"
            },
            "dist": {
                "type": "zip",
                "url": "https://api.github.com/repos/tecnickcom/tc-lib-pdf-image/zipball/5e5265b7867e2d9aaf2d2fad2ee414bf72801371",
                "reference": "5e5265b7867e2d9aaf2d2fad2ee414bf72801371",
                "shasum": ""
            },
            "require": {
                "ext-gd": "*",
                "ext-zlib": "*",
                "php": ">=8.1",
                "tecnickcom/tc-lib-color": "^2.3",
                "tecnickcom/tc-lib-file": "^2.2",
                "tecnickcom/tc-lib-pdf-encrypt": "^2.1"
            },
            "require-dev": {
                "pdepend/pdepend": "2.16.2",
                "phpcompatibility/php-compatibility": "^10.0.0@dev",
                "phpmd/phpmd": "2.15.0",
                "phpunit/phpunit": "12.5.6 || 11.5.44 || 10.5.58",
                "squizlabs/php_codesniffer": "4.0.1"
            },
            "type": "library",
            "autoload": {
                "psr-4": {
                    "Com\\Tecnick\\Pdf\\Image\\": "src"
                }
            },
            "notification-url": "https://packagist.org/downloads/",
            "license": [
                "LGPL-3.0-or-later"
            ],
            "authors": [
                {
                    "name": "Nicola Asuni",
                    "email": "info@tecnick.com",
                    "role": "lead"
                }
            ],
            "description": "PHP library containing PDF Image methods",
            "homepage": "http://www.tecnick.com",
            "keywords": [
                "image",
                "jpeg",
                "jpg",
                "pdf",
                "png",
                "tc-lib-pdf-image"
            ],
            "support": {
                "issues": "https://github.com/tecnickcom/tc-lib-pdf-image/issues",
                "source": "https://github.com/tecnickcom/tc-lib-pdf-image/tree/2.1.28"
            },
            "funding": [
                {
                    "url": "https://www.paypal.com/donate/?hosted_button_id=NZUEC5XS8MFBJ",
                    "type": "custom"
                }
            ],
            "time": "2026-01-24T12:42:43+00:00"
        },
        {
            "name": "tecnickcom/tc-lib-pdf-page",
            "version": "4.3.7",
            "source": {
                "type": "git",
                "url": "https://github.com/tecnickcom/tc-lib-pdf-page.git",
                "reference": "66f2dfb5b388307426a463ed290cd69d735431dc"
            },
            "dist": {
                "type": "zip",
                "url": "https://api.github.com/repos/tecnickcom/tc-lib-pdf-page/zipball/66f2dfb5b388307426a463ed290cd69d735431dc",
                "reference": "66f2dfb5b388307426a463ed290cd69d735431dc",
                "shasum": ""
            },
            "require": {
                "ext-date": "*",
                "ext-zlib": "*",
                "php": ">=8.1",
                "tecnickcom/tc-lib-color": "^2.3",
                "tecnickcom/tc-lib-pdf-encrypt": "^2.1"
            },
            "require-dev": {
                "pdepend/pdepend": "2.16.2",
                "phpcompatibility/php-compatibility": "^10.0.0@dev",
                "phpmd/phpmd": "2.15.0",
                "phpunit/phpunit": "12.5.6 || 11.5.44 || 10.5.58",
                "squizlabs/php_codesniffer": "4.0.1"
            },
            "type": "library",
            "autoload": {
                "psr-4": {
                    "Com\\Tecnick\\Pdf\\Page\\": "src"
                }
            },
            "notification-url": "https://packagist.org/downloads/",
            "license": [
                "LGPL-3.0-or-later"
            ],
            "authors": [
                {
                    "name": "Nicola Asuni",
                    "email": "info@tecnick.com",
                    "role": "lead"
                }
            ],
            "description": "PHP library containing PDF page formats and definitions",
            "homepage": "http://www.tecnick.com",
            "keywords": [
                "format",
                "page",
                "pdf",
                "tc-lib-pdf-page"
            ],
            "support": {
                "issues": "https://github.com/tecnickcom/tc-lib-pdf-page/issues",
                "source": "https://github.com/tecnickcom/tc-lib-pdf-page/tree/4.3.7"
            },
            "funding": [
                {
                    "url": "https://www.paypal.com/donate/?hosted_button_id=NZUEC5XS8MFBJ",
                    "type": "custom"
                }
            ],
            "time": "2026-01-24T12:42:11+00:00"
        },
        {
            "name": "tecnickcom/tc-lib-unicode",
            "version": "2.0.39",
            "source": {
                "type": "git",
                "url": "https://github.com/tecnickcom/tc-lib-unicode.git",
                "reference": "1717a750b480bbbebda1cd5950847ba7a8447a17"
            },
            "dist": {
                "type": "zip",
                "url": "https://api.github.com/repos/tecnickcom/tc-lib-unicode/zipball/1717a750b480bbbebda1cd5950847ba7a8447a17",
                "reference": "1717a750b480bbbebda1cd5950847ba7a8447a17",
                "shasum": ""
            },
            "require": {
                "ext-mbstring": "*",
                "ext-pcre": "*",
                "php": ">=8.1",
                "tecnickcom/tc-lib-unicode-data": "^2.0"
            },
            "require-dev": {
                "pdepend/pdepend": "2.16.2",
                "phpcompatibility/php-compatibility": "^10.0.0@dev",
                "phpmd/phpmd": "2.15.0",
                "phpunit/phpunit": "12.5.6 || 11.5.44 || 10.5.58",
                "squizlabs/php_codesniffer": "4.0.1"
            },
            "type": "library",
            "autoload": {
                "psr-4": {
                    "Com\\Tecnick\\Unicode\\": "src"
                }
            },
            "notification-url": "https://packagist.org/downloads/",
            "license": [
                "LGPL-3.0-or-later"
            ],
            "authors": [
                {
                    "name": "Nicola Asuni",
                    "email": "info@tecnick.com",
                    "role": "lead"
                }
            ],
            "description": "PHP library containing Unicode methods",
            "homepage": "http://www.tecnick.com",
            "keywords": [
                "font",
                "pdf",
                "tc-lib-unicode",
                "unicode",
                "utf-8"
            ],
            "support": {
                "issues": "https://github.com/tecnickcom/tc-lib-unicode/issues",
                "source": "https://github.com/tecnickcom/tc-lib-unicode/tree/2.0.39"
            },
            "funding": [
                {
                    "url": "https://www.paypal.com/donate/?hosted_button_id=NZUEC5XS8MFBJ",
                    "type": "custom"
                }
            ],
            "time": "2026-01-24T12:41:52+00:00"
        },
        {
            "name": "tecnickcom/tc-lib-unicode-data",
            "version": "2.0.38",
            "source": {
                "type": "git",
                "url": "https://github.com/tecnickcom/tc-lib-unicode-data.git",
                "reference": "34f9c32616c91e915b8a9e544a05d4ff4afccd17"
            },
            "dist": {
                "type": "zip",
                "url": "https://api.github.com/repos/tecnickcom/tc-lib-unicode-data/zipball/34f9c32616c91e915b8a9e544a05d4ff4afccd17",
                "reference": "34f9c32616c91e915b8a9e544a05d4ff4afccd17",
                "shasum": ""
            },
            "require": {
                "php": ">=8.1"
            },
            "require-dev": {
                "pdepend/pdepend": "2.16.2",
                "phpcompatibility/php-compatibility": "^10.0.0@dev",
                "phpmd/phpmd": "2.15.0",
                "phpunit/phpunit": "12.5.6 || 11.5.44 || 10.5.58",
                "squizlabs/php_codesniffer": "4.0.1"
            },
            "type": "library",
            "autoload": {
                "psr-4": {
                    "Com\\Tecnick\\Unicode\\Data\\": "src"
                }
            },
            "notification-url": "https://packagist.org/downloads/",
            "license": [
                "LGPL-3.0-or-later"
            ],
            "authors": [
                {
                    "name": "Nicola Asuni",
                    "email": "info@tecnick.com",
                    "role": "lead"
                }
            ],
            "description": "PHP library containing Unicode definitions",
            "homepage": "http://www.tecnick.com",
            "keywords": [
                "font",
                "pdf",
                "tc-lib-unicode-data",
                "unicode",
                "utf-8"
            ],
            "support": {
                "issues": "https://github.com/tecnickcom/tc-lib-unicode-data/issues",
                "source": "https://github.com/tecnickcom/tc-lib-unicode-data/tree/2.0.38"
            },
            "funding": [
                {
                    "url": "https://www.paypal.com/donate/?hosted_button_id=NZUEC5XS8MFBJ",
                    "type": "custom"
                }
            ],
            "time": "2026-01-24T12:40:19+00:00"
        }
    ],
    "packages-dev": [],
    "aliases": [],
    "minimum-stability": "stable",
    "stability-flags": {},
    "prefer-stable": false,
    "prefer-lowest": false,
    "platform": {},
    "platform-dev": {},
    "plugin-api-version": "2.9.0"
}
